github.com/axgle/mahonia v0.0.0-20180208002826-3358181d7394 h1:OYA+5W64v3OgClL+IrOD63t4i/RW7RqrAVl9LTZ9UqQ=
github.com/axgle/mahonia v0.0.0-20180208002826-3358181d7394/go.mod h1:Q8n74mJTIgjX4RBBcHnJ05h//6/k6foqmgE45jTQtxg=
rpi4.p2sp.net/Jackarain/externalip v0.0.0-20200612094151-03c0ed87f480 h1:2buQ2YfTcQf1Kr1wtCJScRCey/EEkZNlmim5Y/UG9Qg=
rpi4.p2sp.net/Jackarain/externalip v0.0.0-20200612094151-03c0ed87f480/go.mod h1:No7jj8BpWZ912gIIbiSOM/fnpB1aZutdWTzP6fG5fDI=
